%{
  "bbmustache": {:hex, :bbmustache, "1.0.1"},
  "certifi": {:hex, :certifi, "0.3.0", "389d4b126a47895fe96d65fcf8681f4d09eca1153dc2243ed6babad0aac1e763", [:rebar3], [], "hexpm"},
  "conform": {:hex, :conform, "0.14.5"},
  "erlware_commons": {:hex, :erlware_commons, "0.13.0"},
  "exrm": {:hex, :exrm, "0.18.5"},
  "getopt": {:hex, :getopt, "0.8.2"},
  "google_sheets": {:hex, :google_sheets, "2.0.3", "2e03228c64e7c524e130f5be805c5b8aac7399c8a21189b4f1b7e5918836f26b", [:mix], [{:hackney, "~> 1.3", [hex: :hackney, repo: "hexpm", optional: false]}, {:httpoison, "~> 0.7", [hex: :httpoison, repo: "hexpm", optional: false]}, {:sweet_xml, "~> 0.5", [hex: :sweet_xml, repo: "hexpm", optional: false]}], "hexpm"},
  "hackney": {:hex, :hackney, "1.4.8", "c8c6977ed55cc5095e3929f6d94a6f732dd2e31ae42a7b9236d5574ec3f5be13", [:rebar3], [{:certifi, "0.3.0", [hex: :certifi, repo: "hexpm", optional: false]}, {:idna, "1.0.3", [hex: :idna, repo: "hexpm", optional: false]}, {:mimerl, "1.0.2", [hex: :mimerl, repo: "hexpm", optional: false]}, {:ssl_verify_hostname, "1.0.5", [hex: :ssl_verify_hostname, repo: "hexpm", optional: false]}], "hexpm"},
  "httpoison": {:hex, :httpoison, "0.8.1", "5b706be2b0af81d1a3870479a2e1b925517c2a64316f70c6cc8aceac9e55f695", [:mix], [{:hackney, "~> 1.4.4", [hex: :hackney, repo: "hexpm", optional: false]}], "hexpm"},
  "idna": {:hex, :idna, "1.0.3", "d456a8761cad91c97e9788c27002eb3b773adaf5c893275fc35ba4e3434bbd9b", [:rebar3], [], "hexpm"},
  "mimerl": {:hex, :mimerl, "1.0.2", "993f9b0e084083405ed8252b99460c4f0563e41729ab42d9074fd5e52439be88", [:rebar3], [], "hexpm"},
  "providers": {:hex, :providers, "1.4.1"},
  "relx": {:hex, :relx, "3.1.0"},
  "ssl_verify_hostname": {:hex, :ssl_verify_hostname, "1.0.5", "2e73e068cd6393526f9fa6d399353d7c9477d6886ba005f323b592d389fb47be", [:make], [], "hexpm"},
  "sweet_xml": {:hex, :sweet_xml, "0.5.0", "d8f1b98527fbe829e9e4b3ad7a71f91ecc84e2e4ccd6c0c8a89b8e12cdcd7837", [:mix], [], "hexpm"},
}
