%{"bbmustache": {:hex, :bbmustache, "1.0.1"},
  "conform": {:hex, :conform, "0.14.5"},
  "erlware_commons": {:hex, :erlware_commons, "0.13.0"},
  "exrm": {:hex, :exrm, "0.18.5"},
  "getopt": {:hex, :getopt, "0.8.2"},
  "google_sheets": {:hex, :google_sheets, "1.0.2"},
  "hackney": {:hex, :hackney, "1.1.0"},
  "httpoison": {:hex, :httpoison, "0.7.0"},
  "idna": {:hex, :idna, "1.0.2"},
  "providers": {:hex, :providers, "1.4.1"},
  "relx": {:hex, :relx, "3.1.0"},
  "ssl_verify_hostname": {:hex, :ssl_verify_hostname, "1.0.5"},
  "sweet_xml": {:hex, :sweet_xml, "0.2.1"}}
